
Microsoft Visual Studio Solution File, Format Version 12.00
# Visual Studio Version 17
VisualStudioVersion = 17.9.34701.34
MinimumVisualStudioVersion = 10.0.40219.1
Project("{FAE04EC0-301F-11D3-BF4B-00C04F79EFBC}") = "Contacts", "Contacts\Contacts.csproj", "{C5FA331C-DE33-462F-ADA3-3A9F46455C0D}"
EndProject
Global
	GlobalSection(SolutionConfigurationPlatforms) = preSolution
		Debug|Any CPU = Debug|Any CPU
		Release|Any CPU = Release|Any CPU
	EndGlobalSection
	GlobalSection(ProjectConfigurationPlatforms) = postSolution
		{C5FA331C-DE33-462F-ADA3-3A9F46455C0D}.Debug|Any CPU.ActiveCfg = Debug|Any CPU
		{C5FA331C-DE33-462F-ADA3-3A9F46455C0D}.Debug|Any CPU.Build.0 = Debug|Any CPU
		{C5FA331C-DE33-462F-ADA3-3A9F46455C0D}.Debug|Any CPU.Deploy.0 = Debug|Any CPU
		{C5FA331C-DE33-462F-ADA3-3A9F46455C0D}.Release|Any CPU.ActiveCfg = Release|Any CPU
		{C5FA331C-DE33-462F-ADA3-3A9F46455C0D}.Release|Any CPU.Build.0 = Release|Any CPU
		{C5FA331C-DE33-462F-ADA3-3A9F46455C0D}.Release|Any CPU.Deploy.0 = Release|Any CPU
	EndGlobalSection
	GlobalSection(SolutionProperties) = preSolution
		HideSolutionNode = FALSE
	EndGlobalSection
	GlobalSection(ExtensibilityGlobals) = postSolution
		SolutionGuid = {3AF8F444-5FDF-43EF-BB01-72E955D2ACF8}
	EndGlobalSection
EndGlobal
