
Microsoft Visual Studio Solution File, Format Version 12.00
# Visual Studio Version 17
VisualStudioVersion = 17.9.34701.34
MinimumVisualStudioVersion = 10.0.40219.1
Project("{9A19103F-16F7-4668-BE54-9A1E7A4F7556}") = "Contacts", "Contacts\Contacts.csproj", "{C5FA331C-DE33-462F-ADA3-3A9F46455C0D}"
EndProject
Project("{9A19103F-16F7-4668-BE54-9A1E7A4F7556}") = "Contacts.CoreBusiness", "Contacts.CoreBusiness\Contacts.CoreBusiness.csproj", "{8FBF7AB7-1A63-4697-B67D-BC5D119DDE44}"
EndProject
Project("{9A19103F-16F7-4668-BE54-9A1E7A4F7556}") = "Contacts.UseCases", "Contacts.UseCases\Contacts.UseCases.csproj", "{0BC1DE0C-A35B-484C-AF76-76DE9393AD5F}"
EndProject
Project("{2150E333-8FDC-42A3-9474-1A3956D46DE8}") = "Plugins", "Plugins", "{C64D1C37-05B7-499B-9578-4051AA30499D}"
EndProject
Project("{9A19103F-16F7-4668-BE54-9A1E7A4F7556}") = "Contacts.Plugins.DataStore.InMemory", "Contacts.Plugins.DataStore.InMemory\Contacts.Plugins.DataStore.InMemory.csproj", "{8C73B942-4ADD-40BB-B563-5985C10785BE}"
EndProject
Project("{9A19103F-16F7-4668-BE54-9A1E7A4F7556}") = "Contacts.Plugins.DataStore.SqlLite", "Plugins\Contacts.Plugins.DataStore.SqlLite\Contacts.Plugins.DataStore.SqlLite.csproj", "{65C518A4-7689-4D0C-A109-6CE6AF4212D2}"
EndProject
Global
	GlobalSection(SolutionConfigurationPlatforms) = preSolution
		Debug|Any CPU = Debug|Any CPU
		Release|Any CPU = Release|Any CPU
	EndGlobalSection
	GlobalSection(ProjectConfigurationPlatforms) = postSolution
		{C5FA331C-DE33-462F-ADA3-3A9F46455C0D}.Debug|Any CPU.ActiveCfg = Debug|Any CPU
		{C5FA331C-DE33-462F-ADA3-3A9F46455C0D}.Debug|Any CPU.Build.0 = Debug|Any CPU
		{C5FA331C-DE33-462F-ADA3-3A9F46455C0D}.Debug|Any CPU.Deploy.0 = Debug|Any CPU
		{C5FA331C-DE33-462F-ADA3-3A9F46455C0D}.Release|Any CPU.ActiveCfg = Release|Any CPU
		{C5FA331C-DE33-462F-ADA3-3A9F46455C0D}.Release|Any CPU.Build.0 = Release|Any CPU
		{C5FA331C-DE33-462F-ADA3-3A9F46455C0D}.Release|Any CPU.Deploy.0 = Release|Any CPU
		{8FBF7AB7-1A63-4697-B67D-BC5D119DDE44}.Debug|Any CPU.ActiveCfg = Debug|Any CPU
		{8FBF7AB7-1A63-4697-B67D-BC5D119DDE44}.Debug|Any CPU.Build.0 = Debug|Any CPU
		{8FBF7AB7-1A63-4697-B67D-BC5D119DDE44}.Release|Any CPU.ActiveCfg = Release|Any CPU
		{8FBF7AB7-1A63-4697-B67D-BC5D119DDE44}.Release|Any CPU.Build.0 = Release|Any CPU
		{0BC1DE0C-A35B-484C-AF76-76DE9393AD5F}.Debug|Any CPU.ActiveCfg = Debug|Any CPU
		{0BC1DE0C-A35B-484C-AF76-76DE9393AD5F}.Debug|Any CPU.Build.0 = Debug|Any CPU
		{0BC1DE0C-A35B-484C-AF76-76DE9393AD5F}.Release|Any CPU.ActiveCfg = Release|Any CPU
		{0BC1DE0C-A35B-484C-AF76-76DE9393AD5F}.Release|Any CPU.Build.0 = Release|Any CPU
		{8C73B942-4ADD-40BB-B563-5985C10785BE}.Debug|Any CPU.ActiveCfg = Debug|Any CPU
		{8C73B942-4ADD-40BB-B563-5985C10785BE}.Debug|Any CPU.Build.0 = Debug|Any CPU
		{8C73B942-4ADD-40BB-B563-5985C10785BE}.Release|Any CPU.ActiveCfg = Release|Any CPU
		{8C73B942-4ADD-40BB-B563-5985C10785BE}.Release|Any CPU.Build.0 = Release|Any CPU
		{65C518A4-7689-4D0C-A109-6CE6AF4212D2}.Debug|Any CPU.ActiveCfg = Debug|Any CPU
		{65C518A4-7689-4D0C-A109-6CE6AF4212D2}.Debug|Any CPU.Build.0 = Debug|Any CPU
		{65C518A4-7689-4D0C-A109-6CE6AF4212D2}.Release|Any CPU.ActiveCfg = Release|Any CPU
		{65C518A4-7689-4D0C-A109-6CE6AF4212D2}.Release|Any CPU.Build.0 = Release|Any CPU
	EndGlobalSection
	GlobalSection(SolutionProperties) = preSolution
		HideSolutionNode = FALSE
	EndGlobalSection
	GlobalSection(NestedProjects) = preSolution
		{8C73B942-4ADD-40BB-B563-5985C10785BE} = {C64D1C37-05B7-499B-9578-4051AA30499D}
		{65C518A4-7689-4D0C-A109-6CE6AF4212D2} = {C64D1C37-05B7-499B-9578-4051AA30499D}
	EndGlobalSection
	GlobalSection(ExtensibilityGlobals) = postSolution
		SolutionGuid = {3AF8F444-5FDF-43EF-BB01-72E955D2ACF8}
	EndGlobalSection
EndGlobal
